
Microsoft Visual Studio Solution File, Format Version 12.00
# Visual Studio Version 17
VisualStudioVersion = 17.3.32922.545
MinimumVisualStudioVersion = 10.0.40219.1
Project("{9A19103F-16F7-4668-BE54-9A1E7A4F7556}") = "EardrumSympathizer", "EardrumSympathizer.csproj", "{7AB37535-1230-4CCF-81FF-CFE5522431B7}"
EndProject
Global
	GlobalSection(SolutionConfigurationPlatforms) = preSolution
		Debug|Any CPU = Debug|Any CPU
		Release|Any CPU = Release|Any CPU
	EndGlobalSection
	GlobalSection(ProjectConfigurationPlatforms) = postSolution
		{7AB37535-1230-4CCF-81FF-CFE5522431B7}.Debug|Any CPU.ActiveCfg = Debug|Any CPU
		{7AB37535-1230-4CCF-81FF-CFE5522431B7}.Debug|Any CPU.Build.0 = Debug|Any CPU
		{7AB37535-1230-4CCF-81FF-CFE5522431B7}.Release|Any CPU.ActiveCfg = Release|Any CPU
		{7AB37535-1230-4CCF-81FF-CFE5522431B7}.Release|Any CPU.Build.0 = Release|Any CPU
	EndGlobalSection
	GlobalSection(SolutionProperties) = preSolution
		HideSolutionNode = FALSE
	EndGlobalSection
	GlobalSection(ExtensibilityGlobals) = postSolution
		SolutionGuid = {2FC0E3CB-F03A-4B5C-80C9-D184EBDE05AE}
	EndGlobalSection
EndGlobal
